
Microsoft Visual Studio Solution File, Format Version 12.00
# Visual Studio Version 17
VisualStudioVersion = 17.14.36623.8 d17.14
MinimumVisualStudioVersion = 10.0.40219.1
Project("{FAE04EC0-301F-11D3-BF4B-00C04F79EFBC}") = "AddressBook.API", "AddressBook.API\AddressBook.API.csproj", "{F1B8C7CD-79C4-4B96-A5EE-5EBF34921433}"
EndProject
Project("{FAE04EC0-301F-11D3-BF4B-00C04F79EFBC}") = "AddressBook.Domain", "AddressBook.Domain\AddressBook.Domain.csproj", "{6EC5565E-39C1-483F-AEAC-477F513D4ECD}"
EndProject
Project("{FAE04EC0-301F-11D3-BF4B-00C04F79EFBC}") = "AddressBook.Application", "AddressBook.Application\AddressBook.Application.csproj", "{048A5895-95E4-4846-BB2F-20A34D9580F5}"
EndProject
Project("{FAE04EC0-301F-11D3-BF4B-00C04F79EFBC}") = "AddressBook.Infrastructure", "AddressBook.Infrastructure\AddressBook.Infrastructure.csproj", "{60ECAD4C-5A9D-4CDB-B537-95AD5ECD18E8}"
EndProject
Global
	GlobalSection(SolutionConfigurationPlatforms) = preSolution
		Debug|Any CPU = Debug|Any CPU
		Release|Any CPU = Release|Any CPU
	EndGlobalSection
	GlobalSection(ProjectConfigurationPlatforms) = postSolution
		{F1B8C7CD-79C4-4B96-A5EE-5EBF34921433}.Debug|Any CPU.ActiveCfg = Debug|Any CPU
		{F1B8C7CD-79C4-4B96-A5EE-5EBF34921433}.Debug|Any CPU.Build.0 = Debug|Any CPU
		{F1B8C7CD-79C4-4B96-A5EE-5EBF34921433}.Release|Any CPU.ActiveCfg = Release|Any CPU
		{F1B8C7CD-79C4-4B96-A5EE-5EBF34921433}.Release|Any CPU.Build.0 = Release|Any CPU
		{6EC5565E-39C1-483F-AEAC-477F513D4ECD}.Debug|Any CPU.ActiveCfg = Debug|Any CPU
		{6EC5565E-39C1-483F-AEAC-477F513D4ECD}.Debug|Any CPU.Build.0 = Debug|Any CPU
		{6EC5565E-39C1-483F-AEAC-477F513D4ECD}.Release|Any CPU.ActiveCfg = Release|Any CPU
		{6EC5565E-39C1-483F-AEAC-477F513D4ECD}.Release|Any CPU.Build.0 = Release|Any CPU
		{048A5895-95E4-4846-BB2F-20A34D9580F5}.Debug|Any CPU.ActiveCfg = Debug|Any CPU
		{048A5895-95E4-4846-BB2F-20A34D9580F5}.Debug|Any CPU.Build.0 = Debug|Any CPU
		{048A5895-95E4-4846-BB2F-20A34D9580F5}.Release|Any CPU.ActiveCfg = Release|Any CPU
		{048A5895-95E4-4846-BB2F-20A34D9580F5}.Release|Any CPU.Build.0 = Release|Any CPU
		{60ECAD4C-5A9D-4CDB-B537-95AD5ECD18E8}.Debug|Any CPU.ActiveCfg = Debug|Any CPU
		{60ECAD4C-5A9D-4CDB-B537-95AD5ECD18E8}.Debug|Any CPU.Build.0 = Debug|Any CPU
		{60ECAD4C-5A9D-4CDB-B537-95AD5ECD18E8}.Release|Any CPU.ActiveCfg = Release|Any CPU
		{60ECAD4C-5A9D-4CDB-B537-95AD5ECD18E8}.Release|Any CPU.Build.0 = Release|Any CPU
	EndGlobalSection
	GlobalSection(SolutionProperties) = preSolution
		HideSolutionNode = FALSE
	EndGlobalSection
	GlobalSection(ExtensibilityGlobals) = postSolution
		SolutionGuid = {E1347C91-5B7F-4F0E-9345-3BD660400B2E}
	EndGlobalSection
EndGlobal
